// !$*UTF8*$!
{
	archiveVersion = 1;
	classes = {
	};
	objectVersion = 50;
	objects = {

/* Begin PBXBuildFile section */
		E11C1661219C88F500E5FCA6 /* NestWrapper.swift in Sources */ = {isa = PBXBuildFile; fileRef = E11C1660219C88F500E5FCA6 /* NestWrapper.swift */; };
		E11C1667219DBB8000E5FCA6 /* JGProgressHUD.framework in Frameworks */ = {isa = PBXBuildFile; fileRef = E11C1662219DBB7F00E5FCA6 /* JGProgressHUD.framework */; };
		E11C1668219DBB8000E5FCA6 /* JGProgressHUD.framework in Embed Frameworks */ = {isa = PBXBuildFile; fileRef = E11C1662219DBB7F00E5FCA6 /* JGProgressHUD.framework */; settings = {ATTRIBUTES = (CodeSignOnCopy, RemoveHeadersOnCopy, ); }; };
		E11C1669219DBB8000E5FCA6 /* PromiseKit.framework in Frameworks */ = {isa = PBXBuildFile; fileRef = E11C1663219DBB7F00E5FCA6 /* PromiseKit.framework */; };
		E11C166A219DBB8000E5FCA6 /* PromiseKit.framework in Embed Frameworks */ = {isa = PBXBuildFile; fileRef = E11C1663219DBB7F00E5FCA6 /* PromiseKit.framework */; settings = {ATTRIBUTES = (CodeSignOnCopy, RemoveHeadersOnCopy, ); }; };
		E11C166B219DBB8000E5FCA6 /* KeychainAccess.framework in Frameworks */ = {isa = PBXBuildFile; fileRef = E11C1664219DBB7F00E5FCA6 /* KeychainAccess.framework */; };
		E11C166C219DBB8000E5FCA6 /* KeychainAccess.framework in Embed Frameworks */ = {isa = PBXBuildFile; fileRef = E11C1664219DBB7F00E5FCA6 /* KeychainAccess.framework */; settings = {ATTRIBUTES = (CodeSignOnCopy, RemoveHeadersOnCopy, ); }; };
		E11C166D219DBB8000E5FCA6 /* Disk.framework in Frameworks */ = {isa = PBXBuildFile; fileRef = E11C1665219DBB7F00E5FCA6 /* Disk.framework */; };
		E11C166E219DBB8000E5FCA6 /* Disk.framework in Embed Frameworks */ = {isa = PBXBuildFile; fileRef = E11C1665219DBB7F00E5FCA6 /* Disk.framework */; settings = {ATTRIBUTES = (CodeSignOnCopy, RemoveHeadersOnCopy, ); }; };
		E11C166F219DBB8000E5FCA6 /* Kingfisher.framework in Frameworks */ = {isa = PBXBuildFile; fileRef = E11C1666219DBB7F00E5FCA6 /* Kingfisher.framework */; };
		E11C1670219DBB8000E5FCA6 /* Kingfisher.framework in Embed Frameworks */ = {isa = PBXBuildFile; fileRef = E11C1666219DBB7F00E5FCA6 /* Kingfisher.framework */; settings = {ATTRIBUTES = (CodeSignOnCopy, RemoveHeadersOnCopy, ); }; };
		E11C1674219DBF6800E5FCA6 /* ReSwift.framework in Frameworks */ = {isa = PBXBuildFile; fileRef = E11C1673219DBF6800E5FCA6 /* ReSwift.framework */; };
		E11C1675219DBF6800E5FCA6 /* ReSwift.framework in Embed Frameworks */ = {isa = PBXBuildFile; fileRef = E11C1673219DBF6800E5FCA6 /* ReSwift.framework */; settings = {ATTRIBUTES = (CodeSignOnCopy, RemoveHeadersOnCopy, ); }; };
		E12EABAA218EC24C001E87E9 /* EventService.swift in Sources */ = {isa = PBXBuildFile; fileRef = E12EABA9218EC24C001E87E9 /* EventService.swift */; };
		E12EABAD218EC5D3001E87E9 /* MainViewController.swift in Sources */ = {isa = PBXBuildFile; fileRef = E12EABAC218EC5D3001E87E9 /* MainViewController.swift */; };
		E1383BF021A737050078069F /* Store.swift in Sources */ = {isa = PBXBuildFile; fileRef = E1383BEF21A737050078069F /* Store.swift */; };
		E146BA81212F4BCF001B44CD /* Main.storyboard in Resources */ = {isa = PBXBuildFile; fileRef = E146BA7F212F4BCF001B44CD /* Main.storyboard */; };
		E16FD2AB219962F5002E2B02 /* LoginSession.swift in Sources */ = {isa = PBXBuildFile; fileRef = E16FD2AA219962F5002E2B02 /* LoginSession.swift */; };
		E18A56D5219406F5009716AF /* SubscribableValue.swift in Sources */ = {isa = PBXBuildFile; fileRef = E18A56D4219406F5009716AF /* SubscribableValue.swift */; };
		E18A56D721944DDE009716AF /* Theme.swift in Sources */ = {isa = PBXBuildFile; fileRef = E18A56D621944DDE009716AF /* Theme.swift */; };
		E18A56DA21944E25009716AF /* PreferenceListeners.swift in Sources */ = {isa = PBXBuildFile; fileRef = E18A56D921944E25009716AF /* PreferenceListeners.swift */; };
		E18A56DE2194848B009716AF /* TimelineMethods.swift in Sources */ = {isa = PBXBuildFile; fileRef = E18A56DD2194848B009716AF /* TimelineMethods.swift */; };
		E19F0F9E219009F100BE1BA0 /* AccountMethods.swift in Sources */ = {isa = PBXBuildFile; fileRef = E19F0F9D219009F100BE1BA0 /* AccountMethods.swift */; };
		E19F0FA021900A0800BE1BA0 /* InstanceMethods.swift in Sources */ = {isa = PBXBuildFile; fileRef = E19F0F9F21900A0800BE1BA0 /* InstanceMethods.swift */; };
		E19F0FA62190145200BE1BA0 /* Emoji.swift in Sources */ = {isa = PBXBuildFile; fileRef = E19F0FA52190145200BE1BA0 /* Emoji.swift */; };
		E19F0FA8219015E400BE1BA0 /* Attachment.swift in Sources */ = {isa = PBXBuildFile; fileRef = E19F0FA7219015E400BE1BA0 /* Attachment.swift */; };
		E19F0FAC21902A6E00BE1BA0 /* StatusVisibility.swift in Sources */ = {isa = PBXBuildFile; fileRef = E19F0FAB21902A6E00BE1BA0 /* StatusVisibility.swift */; };
		E19F0FAE21902A9300BE1BA0 /* Field.swift in Sources */ = {isa = PBXBuildFile; fileRef = E19F0FAD21902A9300BE1BA0 /* Field.swift */; };
		E19F0FB021902AB800BE1BA0 /* Mention.swift in Sources */ = {isa = PBXBuildFile; fileRef = E19F0FAF21902AB800BE1BA0 /* Mention.swift */; };
		E19F0FB221902BAF00BE1BA0 /* Tag.swift in Sources */ = {isa = PBXBuildFile; fileRef = E19F0FB121902BAF00BE1BA0 /* Tag.swift */; };
		E19F0FB421902BDD00BE1BA0 /* History.swift in Sources */ = {isa = PBXBuildFile; fileRef = E19F0FB321902BDD00BE1BA0 /* History.swift */; };
		E19F0FB621902CAC00BE1BA0 /* Card.swift in Sources */ = {isa = PBXBuildFile; fileRef = E19F0FB521902CAC00BE1BA0 /* Card.swift */; };
		E19F0FB821902CF000BE1BA0 /* CardType.swift in Sources */ = {isa = PBXBuildFile; fileRef = E19F0FB721902CF000BE1BA0 /* CardType.swift */; };
		E19F0FBA21902DA900BE1BA0 /* Application.swift in Sources */ = {isa = PBXBuildFile; fileRef = E19F0FB921902DA900BE1BA0 /* Application.swift */; };
		E19F0FBC21904FB900BE1BA0 /* HTTPRequest.swift in Sources */ = {isa = PBXBuildFile; fileRef = E19F0FBB21904FB900BE1BA0 /* HTTPRequest.swift */; };
		E19F0FBF219050E700BE1BA0 /* HTTPError.swift in Sources */ = {isa = PBXBuildFile; fileRef = E19F0FBE219050E700BE1BA0 /* HTTPError.swift */; };
		E19F0FC1219050FA00BE1BA0 /* HTTPRequestMethod.swift in Sources */ = {isa = PBXBuildFile; fileRef = E19F0FC0219050FA00BE1BA0 /* HTTPRequestMethod.swift */; };
		E1AF5300218B92CF009C9D91 /* Authentication.swift in Sources */ = {isa = PBXBuildFile; fileRef = E1AF52FF218B92CF009C9D91 /* Authentication.swift */; };
		E1AF5305218BD263009C9D91 /* Instance.swift in Sources */ = {isa = PBXBuildFile; fileRef = E1AF5304218BD263009C9D91 /* Instance.swift */; };
		E1AF5308218BDF86009C9D91 /* HTTPUtil.swift in Sources */ = {isa = PBXBuildFile; fileRef = E1AF5307218BDF86009C9D91 /* HTTPUtil.swift */; };
		E1AF530A218C75FE009C9D91 /* LocalizedError.swift in Sources */ = {isa = PBXBuildFile; fileRef = E1AF5309218C75FE009C9D91 /* LocalizedError.swift */; };
		E1AF5311218C84CB009C9D91 /* Setup.storyboard in Resources */ = {isa = PBXBuildFile; fileRef = E1AF5310218C84CB009C9D91 /* Setup.storyboard */; };
		E1AF5320218D3500009C9D91 /* SessionStore.swift in Sources */ = {isa = PBXBuildFile; fileRef = E1AF531F218D3500009C9D91 /* SessionStore.swift */; };
		E1AF532E218E19FD009C9D91 /* LoginController.swift in Sources */ = {isa = PBXBuildFile; fileRef = E1AF532D218E19FD009C9D91 /* LoginController.swift */; };
		E1B0F609218ECFAA00B9A13A /* UIUtil.swift in Sources */ = {isa = PBXBuildFile; fileRef = E1B0F608218ECFAA00B9A13A /* UIUtil.swift */; };
		E1B0F610218F0FC500B9A13A /* Menu.storyboard in Resources */ = {isa = PBXBuildFile; fileRef = E1B0F60F218F0FC500B9A13A /* Menu.storyboard */; };
		E1B0F612218F0FFC00B9A13A /* MenuAccountView.xib in Resources */ = {isa = PBXBuildFile; fileRef = E1B0F611218F0FFC00B9A13A /* MenuAccountView.xib */; };
		E1B0F616218F10F600B9A13A /* MenuAccountView.swift in Sources */ = {isa = PBXBuildFile; fileRef = E1B0F615218F10F600B9A13A /* MenuAccountView.swift */; };
		E1B19FAC218F176F00B5C014 /* MenuViewController.swift in Sources */ = {isa = PBXBuildFile; fileRef = E1B19FAB218F176F00B5C014 /* MenuViewController.swift */; };
		E1BAC07F212CB87E007FBAF3 /* AppDelegate.swift in Sources */ = {isa = PBXBuildFile; fileRef = E1BAC07E212CB87E007FBAF3 /* AppDelegate.swift */; };
		E1BAC086212CB87F007FBAF3 /* Assets.xcassets in Resources */ = {isa = PBXBuildFile; fileRef = E1BAC085212CB87F007FBAF3 /* Assets.xcassets */; };
		E1BAC089212CB87F007FBAF3 /* LaunchScreen.storyboard in Resources */ = {isa = PBXBuildFile; fileRef = E1BAC087212CB87F007FBAF3 /* LaunchScreen.storyboard */; };
		E1C3154421890C090006A11A /* LoginViewController.swift in Sources */ = {isa = PBXBuildFile; fileRef = E1C3154321890C090006A11A /* LoginViewController.swift */; };
		E1D661B621836D6F002761E2 /* Account.swift in Sources */ = {isa = PBXBuildFile; fileRef = E1D661B521836D6F002761E2 /* Account.swift */; };
		E1D84FA02196010B00042A31 /* .gitignore in Resources */ = {isa = PBXBuildFile; fileRef = E1D84F9F2196010B00042A31 /* .gitignore */; };
		E1D84FA82197E69000042A31 /* Preferences.swift in Sources */ = {isa = PBXBuildFile; fileRef = E1D84FA72197E69000042A31 /* Preferences.swift */; };
		E1D84FAC2198FB7B00042A31 /* MastodonAPI.swift in Sources */ = {isa = PBXBuildFile; fileRef = E1D84FAB2198FB7B00042A31 /* MastodonAPI.swift */; };
		E1D84FB02198FCC700042A31 /* HoistAPI.swift in Sources */ = {isa = PBXBuildFile; fileRef = E1D84FAF2198FCC700042A31 /* HoistAPI.swift */; };
		E1D84FB32198FCEE00042A31 /* MastodonInfo.swift in Sources */ = {isa = PBXBuildFile; fileRef = E1D84FB22198FCEE00042A31 /* MastodonInfo.swift */; };
		E1DC3D87218288870099D452 /* StatusView.xib in Resources */ = {isa = PBXBuildFile; fileRef = E1DC3D86218288870099D452 /* StatusView.xib */; };
		E1DC3D8921828D4C0099D452 /* StatusView.swift in Sources */ = {isa = PBXBuildFile; fileRef = E1DC3D8821828D4C0099D452 /* StatusView.swift */; };
		E1DC3D952182A99E0099D452 /* Status.swift in Sources */ = {isa = PBXBuildFile; fileRef = E1DC3D942182A99E0099D452 /* Status.swift */; };
		E1E0EF66219AEB3400F68A0F /* Request.swift in Sources */ = {isa = PBXBuildFile; fileRef = E1E0EF65219AEB3400F68A0F /* Request.swift */; };
		E1E0EF70219AF61B00F68A0F /* Client.swift in Sources */ = {isa = PBXBuildFile; fileRef = E1E0EF6F219AF61B00F68A0F /* Client.swift */; };
		E1E0EF86219B0CB000F68A0F /* URLParameterEncoder.swift in Sources */ = {isa = PBXBuildFile; fileRef = E1E0EF84219B0CB000F68A0F /* URLParameterEncoder.swift */; };
		E1E0EF87219B0CB000F68A0F /* MultipartEncoder.swift in Sources */ = {isa = PBXBuildFile; fileRef = E1E0EF85219B0CB000F68A0F /* MultipartEncoder.swift */; };
		E1E0EF89219B0D0A00F68A0F /* Util.swift in Sources */ = {isa = PBXBuildFile; fileRef = E1E0EF88219B0D0A00F68A0F /* Util.swift */; };
		E1F776962130F5E0001F6AD2 /* Login.storyboard in Resources */ = {isa = PBXBuildFile; fileRef = E1F776952130F5E0001F6AD2 /* Login.storyboard */; };
		E1F776A721321B94001F6AD2 /* Cartfile in Resources */ = {isa = PBXBuildFile; fileRef = E1F776A621321B93001F6AD2 /* Cartfile */; };
/* End PBXBuildFile section */

/* Begin PBXCopyFilesBuildPhase section */
		E11C1671219DBB8000E5FCA6 /* Embed Frameworks */ = {
			isa = PBXCopyFilesBuildPhase;
			buildActionMask = 2147483647;
			dstPath = "";
			dstSubfolderSpec = 10;
			files = (
				E11C1670219DBB8000E5FCA6 /* Kingfisher.framework in Embed Frameworks */,
				E11C166C219DBB8000E5FCA6 /* KeychainAccess.framework in Embed Frameworks */,
				E11C166E219DBB8000E5FCA6 /* Disk.framework in Embed Frameworks */,
				E11C1675219DBF6800E5FCA6 /* ReSwift.framework in Embed Frameworks */,
				E11C1668219DBB8000E5FCA6 /* JGProgressHUD.framework in Embed Frameworks */,
				E11C166A219DBB8000E5FCA6 /* PromiseKit.framework in Embed Frameworks */,
			);
			name = "Embed Frameworks";
			runOnlyForDeploymentPostprocessing = 0;
		};
/* End PBXCopyFilesBuildPhase section */

/* Begin PBXFileReference section */
		E11C1660219C88F500E5FCA6 /* NestWrapper.swift */ = {isa = PBXFileReference; fileEncoding = 4; lastKnownFileType = sourcecode.swift; name = NestWrapper.swift; path = Lib/API/NestWrapper.swift; sourceTree = SOURCE_ROOT; };
		E11C1662219DBB7F00E5FCA6 /* JGProgressHUD.framework */ = {isa = PBXFileReference; lastKnownFileType = wrapper.framework; path = JGProgressHUD.framework; sourceTree = "<group>"; };
		E11C1663219DBB7F00E5FCA6 /* PromiseKit.framework */ = {isa = PBXFileReference; lastKnownFileType = wrapper.framework; path = PromiseKit.framework; sourceTree = "<group>"; };
		E11C1664219DBB7F00E5FCA6 /* KeychainAccess.framework */ = {isa = PBXFileReference; lastKnownFileType = wrapper.framework; path = KeychainAccess.framework; sourceTree = "<group>"; };
		E11C1665219DBB7F00E5FCA6 /* Disk.framework */ = {isa = PBXFileReference; lastKnownFileType = wrapper.framework; path = Disk.framework; sourceTree = "<group>"; };
		E11C1666219DBB7F00E5FCA6 /* Kingfisher.framework */ = {isa = PBXFileReference; lastKnownFileType = wrapper.framework; path = Kingfisher.framework; sourceTree = "<group>"; };
		E11C1673219DBF6800E5FCA6 /* ReSwift.framework */ = {isa = PBXFileReference; lastKnownFileType = wrapper.framework; path = ReSwift.framework; sourceTree = "<group>"; };
		E12EABA9218EC24C001E87E9 /* EventService.swift */ = {isa = PBXFileReference; fileEncoding = 4; lastKnownFileType = sourcecode.swift; path = EventService.swift; sourceTree = "<group>"; };
		E12EABAC218EC5D3001E87E9 /* MainViewController.swift */ = {isa = PBXFileReference; lastKnownFileType = sourcecode.swift; path = MainViewController.swift; sourceTree = "<group>"; };
		E1383BEF21A737050078069F /* Store.swift */ = {isa = PBXFileReference; lastKnownFileType = sourcecode.swift; path = Store.swift; sourceTree = "<group>"; };
		E146BA80212F4BCF001B44CD /* Base */ = {isa = PBXFileReference; lastKnownFileType = file.storyboard; name = Base; path = Base.lproj/Main.storyboard; sourceTree = "<group>"; };
		E16FD2AA219962F5002E2B02 /* LoginSession.swift */ = {isa = PBXFileReference; lastKnownFileType = sourcecode.swift; path = LoginSession.swift; sourceTree = "<group>"; };
		E18A56D4219406F5009716AF /* SubscribableValue.swift */ = {isa = PBXFileReference; lastKnownFileType = sourcecode.swift; path = SubscribableValue.swift; sourceTree = "<group>"; };
		E18A56D621944DDE009716AF /* Theme.swift */ = {isa = PBXFileReference; lastKnownFileType = sourcecode.swift; path = Theme.swift; sourceTree = "<group>"; };
		E18A56D921944E25009716AF /* PreferenceListeners.swift */ = {isa = PBXFileReference; lastKnownFileType = sourcecode.swift; path = PreferenceListeners.swift; sourceTree = "<group>"; };
		E18A56DD2194848B009716AF /* TimelineMethods.swift */ = {isa = PBXFileReference; lastKnownFileType = sourcecode.swift; path = TimelineMethods.swift; sourceTree = "<group>"; };
		E19F0F9D219009F100BE1BA0 /* AccountMethods.swift */ = {isa = PBXFileReference; lastKnownFileType = sourcecode.swift; path = AccountMethods.swift; sourceTree = "<group>"; };
		E19F0F9F21900A0800BE1BA0 /* InstanceMethods.swift */ = {isa = PBXFileReference; lastKnownFileType = sourcecode.swift; path = InstanceMethods.swift; sourceTree = "<group>"; };
		E19F0FA52190145200BE1BA0 /* Emoji.swift */ = {isa = PBXFileReference; lastKnownFileType = sourcecode.swift; path = Emoji.swift; sourceTree = "<group>"; };
		E19F0FA7219015E400BE1BA0 /* Attachment.swift */ = {isa = PBXFileReference; lastKnownFileType = sourcecode.swift; path = Attachment.swift; sourceTree = "<group>"; };
		E19F0FAB21902A6E00BE1BA0 /* StatusVisibility.swift */ = {isa = PBXFileReference; lastKnownFileType = sourcecode.swift; path = StatusVisibility.swift; sourceTree = "<group>"; };
		E19F0FAD21902A9300BE1BA0 /* Field.swift */ = {isa = PBXFileReference; lastKnownFileType = sourcecode.swift; path = Field.swift; sourceTree = "<group>"; };
		E19F0FAF21902AB800BE1BA0 /* Mention.swift */ = {isa = PBXFileReference; lastKnownFileType = sourcecode.swift; path = Mention.swift; sourceTree = "<group>"; };
		E19F0FB121902BAF00BE1BA0 /* Tag.swift */ = {isa = PBXFileReference; lastKnownFileType = sourcecode.swift; path = Tag.swift; sourceTree = "<group>"; };
		E19F0FB321902BDD00BE1BA0 /* History.swift */ = {isa = PBXFileReference; lastKnownFileType = sourcecode.swift; path = History.swift; sourceTree = "<group>"; };
		E19F0FB521902CAC00BE1BA0 /* Card.swift */ = {isa = PBXFileReference; lastKnownFileType = sourcecode.swift; path = Card.swift; sourceTree = "<group>"; };
		E19F0FB721902CF000BE1BA0 /* CardType.swift */ = {isa = PBXFileReference; lastKnownFileType = sourcecode.swift; path = CardType.swift; sourceTree = "<group>"; };
		E19F0FB921902DA900BE1BA0 /* Application.swift */ = {isa = PBXFileReference; lastKnownFileType = sourcecode.swift; path = Application.swift; sourceTree = "<group>"; };
		E19F0FBB21904FB900BE1BA0 /* HTTPRequest.swift */ = {isa = PBXFileReference; lastKnownFileType = sourcecode.swift; path = HTTPRequest.swift; sourceTree = "<group>"; };
		E19F0FBE219050E700BE1BA0 /* HTTPError.swift */ = {isa = PBXFileReference; lastKnownFileType = sourcecode.swift; path = HTTPError.swift; sourceTree = "<group>"; };
		E19F0FC0219050FA00BE1BA0 /* HTTPRequestMethod.swift */ = {isa = PBXFileReference; lastKnownFileType = sourcecode.swift; path = HTTPRequestMethod.swift; sourceTree = "<group>"; };
		E1AF52FF218B92CF009C9D91 /* Authentication.swift */ = {isa = PBXFileReference; lastKnownFileType = sourcecode.swift; path = Authentication.swift; sourceTree = "<group>"; };
		E1AF5304218BD263009C9D91 /* Instance.swift */ = {isa = PBXFileReference; lastKnownFileType = sourcecode.swift; path = Instance.swift; sourceTree = "<group>"; };
		E1AF5307218BDF86009C9D91 /* HTTPUtil.swift */ = {isa = PBXFileReference; lastKnownFileType = sourcecode.swift; path = HTTPUtil.swift; sourceTree = "<group>"; };
		E1AF5309218C75FE009C9D91 /* LocalizedError.swift */ = {isa = PBXFileReference; lastKnownFileType = sourcecode.swift; path = LocalizedError.swift; sourceTree = "<group>"; };
		E1AF5310218C84CB009C9D91 /* Setup.storyboard */ = {isa = PBXFileReference; fileEncoding = 4; lastKnownFileType = file.storyboard; name = Setup.storyboard; path = Sail/Setup/Setup.storyboard; sourceTree = SOURCE_ROOT; };
		E1AF531F218D3500009C9D91 /* SessionStore.swift */ = {isa = PBXFileReference; lastKnownFileType = sourcecode.swift; path = SessionStore.swift; sourceTree = "<group>"; };
		E1AF532D218E19FD009C9D91 /* LoginController.swift */ = {isa = PBXFileReference; lastKnownFileType = sourcecode.swift; path = LoginController.swift; sourceTree = "<group>"; };
		E1B0F608218ECFAA00B9A13A /* UIUtil.swift */ = {isa = PBXFileReference; lastKnownFileType = sourcecode.swift; path = UIUtil.swift; sourceTree = "<group>"; };
		E1B0F60F218F0FC500B9A13A /* Menu.storyboard */ = {isa = PBXFileReference; fileEncoding = 4; lastKnownFileType = file.storyboard; path = Menu.storyboard; sourceTree = "<group>"; };
		E1B0F611218F0FFC00B9A13A /* MenuAccountView.xib */ = {isa = PBXFileReference; lastKnownFileType = file.xib; path = MenuAccountView.xib; sourceTree = "<group>"; };
		E1B0F615218F10F600B9A13A /* MenuAccountView.swift */ = {isa = PBXFileReference; lastKnownFileType = sourcecode.swift; path = MenuAccountView.swift; sourceTree = "<group>"; };
		E1B19FAB218F176F00B5C014 /* MenuViewController.swift */ = {isa = PBXFileReference; lastKnownFileType = sourcecode.swift; path = MenuViewController.swift; sourceTree = "<group>"; };
		E1BAC07B212CB87E007FBAF3 /* Sail.app */ = {isa = PBXFileReference; explicitFileType = wrapper.application; includeInIndex = 0; path = Sail.app; sourceTree = BUILT_PRODUCTS_DIR; };
		E1BAC07E212CB87E007FBAF3 /* AppDelegate.swift */ = {isa = PBXFileReference; lastKnownFileType = sourcecode.swift; path = AppDelegate.swift; sourceTree = "<group>"; };
		E1BAC085212CB87F007FBAF3 /* Assets.xcassets */ = {isa = PBXFileReference; lastKnownFileType = folder.assetcatalog; path = Assets.xcassets; sourceTree = "<group>"; };
		E1BAC088212CB87F007FBAF3 /* Base */ = {isa = PBXFileReference; lastKnownFileType = file.storyboard; name = Base; path = Base.lproj/LaunchScreen.storyboard; sourceTree = "<group>"; };
		E1BAC08A212CB87F007FBAF3 /* Info.plist */ = {isa = PBXFileReference; lastKnownFileType = text.plist.xml; path = Info.plist; sourceTree = "<group>"; };
		E1C3154321890C090006A11A /* LoginViewController.swift */ = {isa = PBXFileReference; lastKnownFileType = sourcecode.swift; path = LoginViewController.swift; sourceTree = "<group>"; };
		E1D661B521836D6F002761E2 /* Account.swift */ = {isa = PBXFileReference; lastKnownFileType = sourcecode.swift; path = Account.swift; sourceTree = "<group>"; };
		E1D84F9F2196010B00042A31 /* .gitignore */ = {isa = PBXFileReference; lastKnownFileType = text; path = .gitignore; sourceTree = "<group>"; };
		E1D84FA72197E69000042A31 /* Preferences.swift */ = {isa = PBXFileReference; lastKnownFileType = sourcecode.swift; path = Preferences.swift; sourceTree = "<group>"; };
		E1D84FAB2198FB7B00042A31 /* MastodonAPI.swift */ = {isa = PBXFileReference; lastKnownFileType = sourcecode.swift; path = MastodonAPI.swift; sourceTree = "<group>"; };
		E1D84FAF2198FCC700042A31 /* HoistAPI.swift */ = {isa = PBXFileReference; lastKnownFileType = sourcecode.swift; path = HoistAPI.swift; sourceTree = "<group>"; };
		E1D84FB22198FCEE00042A31 /* MastodonInfo.swift */ = {isa = PBXFileReference; lastKnownFileType = sourcecode.swift; path = MastodonInfo.swift; sourceTree = "<group>"; };
		E1DC3D86218288870099D452 /* StatusView.xib */ = {isa = PBXFileReference; lastKnownFileType = file.xib; path = StatusView.xib; sourceTree = "<group>"; };
		E1DC3D8821828D4C0099D452 /* StatusView.swift */ = {isa = PBXFileReference; lastKnownFileType = sourcecode.swift; path = StatusView.swift; sourceTree = "<group>"; };
		E1DC3D942182A99E0099D452 /* Status.swift */ = {isa = PBXFileReference; lastKnownFileType = sourcecode.swift; path = Status.swift; sourceTree = "<group>"; };
		E1E0EF65219AEB3400F68A0F /* Request.swift */ = {isa = PBXFileReference; lastKnownFileType = sourcecode.swift; path = Request.swift; sourceTree = "<group>"; };
		E1E0EF6F219AF61B00F68A0F /* Client.swift */ = {isa = PBXFileReference; lastKnownFileType = sourcecode.swift; path = Client.swift; sourceTree = "<group>"; };
		E1E0EF84219B0CB000F68A0F /* URLParameterEncoder.swift */ = {isa = PBXFileReference; fileEncoding = 4; lastKnownFileType = sourcecode.swift; name = URLParameterEncoder.swift; path = Lib/API/URLParameterEncoder.swift; sourceTree = SOURCE_ROOT; };
		E1E0EF85219B0CB000F68A0F /* MultipartEncoder.swift */ = {isa = PBXFileReference; fileEncoding = 4; lastKnownFileType = sourcecode.swift; name = MultipartEncoder.swift; path = Lib/API/MultipartEncoder.swift; sourceTree = SOURCE_ROOT; };
		E1E0EF88219B0D0A00F68A0F /* Util.swift */ = {isa = PBXFileReference; fileEncoding = 4; lastKnownFileType = sourcecode.swift; name = Util.swift; path = Lib/API/Util.swift; sourceTree = SOURCE_ROOT; };
		E1F776952130F5E0001F6AD2 /* Login.storyboard */ = {isa = PBXFileReference; lastKnownFileType = file.storyboard; path = Login.storyboard; sourceTree = "<group>"; };
		E1F776A621321B93001F6AD2 /* Cartfile */ = {isa = PBXFileReference; fileEncoding = 4; lastKnownFileType = text; path = Cartfile; sourceTree = "<group>"; };
/* End PBXFileReference section */

/* Begin PBXFrameworksBuildPhase section */
		E1BAC078212CB87E007FBAF3 /* Frameworks */ = {
			isa = PBXFrameworksBuildPhase;
			buildActionMask = 2147483647;
			files = (
				E11C166F219DBB8000E5FCA6 /* Kingfisher.framework in Frameworks */,
				E11C166B219DBB8000E5FCA6 /* KeychainAccess.framework in Frameworks */,
				E11C166D219DBB8000E5FCA6 /* Disk.framework in Frameworks */,
				E11C1674219DBF6800E5FCA6 /* ReSwift.framework in Frameworks */,
				E11C1667219DBB8000E5FCA6 /* JGProgressHUD.framework in Frameworks */,
				E11C1669219DBB8000E5FCA6 /* PromiseKit.framework in Frameworks */,
			);
			runOnlyForDeploymentPostprocessing = 0;
		};
/* End PBXFrameworksBuildPhase section */

/* Begin PBXGroup section */
		E11C1672219DBB8D00E5FCA6 /* Frameworks */ = {
			isa = PBXGroup;
			children = (
				E11C1673219DBF6800E5FCA6 /* ReSwift.framework */,
				E11C1665219DBB7F00E5FCA6 /* Disk.framework */,
				E11C1662219DBB7F00E5FCA6 /* JGProgressHUD.framework */,
				E11C1664219DBB7F00E5FCA6 /* KeychainAccess.framework */,
				E11C1666219DBB7F00E5FCA6 /* Kingfisher.framework */,
				E11C1663219DBB7F00E5FCA6 /* PromiseKit.framework */,
			);
			name = Frameworks;
			sourceTree = "<group>";
		};
		E12EABAB218EC279001E87E9 /* Main */ = {
			isa = PBXGroup;
			children = (
				E146BA7F212F4BCF001B44CD /* Main.storyboard */,
				E12EABAC218EC5D3001E87E9 /* MainViewController.swift */,
			);
			path = Main;
			sourceTree = "<group>";
		};
		E1383BEE21A736F60078069F /* Flux */ = {
			isa = PBXGroup;
			children = (
				E1383BEF21A737050078069F /* Store.swift */,
			);
			path = Flux;
			sourceTree = "<group>";
		};
		E16FD2A721995A43002E2B02 /* Preferences */ = {
			isa = PBXGroup;
			children = (
				E1D84FA72197E69000042A31 /* Preferences.swift */,
				E18A56D4219406F5009716AF /* SubscribableValue.swift */,
				E18A56D921944E25009716AF /* PreferenceListeners.swift */,
			);
			path = Preferences;
			sourceTree = "<group>";
		};
		E18A56CD2193D2B1009716AF /* Themeing */ = {
			isa = PBXGroup;
			children = (
				E18A56D621944DDE009716AF /* Theme.swift */,
			);
			path = Themeing;
			sourceTree = "<group>";
		};
		E18A56E12195B767009716AF /* Session */ = {
			isa = PBXGroup;
			children = (
				E1AF531F218D3500009C9D91 /* SessionStore.swift */,
				E16FD2AA219962F5002E2B02 /* LoginSession.swift */,
			);
			path = Session;
			sourceTree = "<group>";
		};
		E19F0F9B2190097D00BE1BA0 /* Model */ = {
			isa = PBXGroup;
			children = (
				E1DC3D942182A99E0099D452 /* Status.swift */,
				E19F0FAB21902A6E00BE1BA0 /* StatusVisibility.swift */,
				E1D661B521836D6F002761E2 /* Account.swift */,
				E19F0FAD21902A9300BE1BA0 /* Field.swift */,
				E19F0FA7219015E400BE1BA0 /* Attachment.swift */,
				E1AF5304218BD263009C9D91 /* Instance.swift */,
				E19F0FA52190145200BE1BA0 /* Emoji.swift */,
				E19F0FAF21902AB800BE1BA0 /* Mention.swift */,
				E19F0FB121902BAF00BE1BA0 /* Tag.swift */,
				E19F0FB321902BDD00BE1BA0 /* History.swift */,
				E19F0FB521902CAC00BE1BA0 /* Card.swift */,
				E19F0FB721902CF000BE1BA0 /* CardType.swift */,
				E19F0FB921902DA900BE1BA0 /* Application.swift */,
			);
			path = Model;
			sourceTree = "<group>";
		};
		E19F0F9C2190098100BE1BA0 /* Request */ = {
			isa = PBXGroup;
			children = (
				E19F0F9D219009F100BE1BA0 /* AccountMethods.swift */,
				E19F0F9F21900A0800BE1BA0 /* InstanceMethods.swift */,
				E18A56DD2194848B009716AF /* TimelineMethods.swift */,
			);
			path = Request;
			sourceTree = "<group>";
		};
		E19F0FBD219050D200BE1BA0 /* HTTP */ = {
			isa = PBXGroup;
			children = (
				E1AF5307218BDF86009C9D91 /* HTTPUtil.swift */,
				E19F0FBB21904FB900BE1BA0 /* HTTPRequest.swift */,
				E19F0FBE219050E700BE1BA0 /* HTTPError.swift */,
				E19F0FC0219050FA00BE1BA0 /* HTTPRequestMethod.swift */,
			);
			path = HTTP;
			sourceTree = "<group>";
		};
		E1AF52F9218B911E009C9D91 /* Mastodon */ = {
			isa = PBXGroup;
			children = (
				E19F0F9C2190098100BE1BA0 /* Request */,
				E19F0F9B2190097D00BE1BA0 /* Model */,
				E1D84FAB2198FB7B00042A31 /* MastodonAPI.swift */,
			);
			path = Mastodon;
			sourceTree = "<group>";
		};
		E1AF52FA218B9132009C9D91 /* Hoist */ = {
			isa = PBXGroup;
			children = (
				E1D84FB12198FCE100042A31 /* Model */,
				E1D84FAD2198FCB800042A31 /* Request */,
				E1D84FAF2198FCC700042A31 /* HoistAPI.swift */,
			);
			path = Hoist;
			sourceTree = "<group>";
		};
		E1AF530D218C811D009C9D91 /* Setup */ = {
			isa = PBXGroup;
			children = (
				E1AF5310218C84CB009C9D91 /* Setup.storyboard */,
			);
			path = Setup;
			sourceTree = "<group>";
		};
		E1B0F60E218F0F9300B9A13A /* Menu */ = {
			isa = PBXGroup;
			children = (
				E1B0F60F218F0FC500B9A13A /* Menu.storyboard */,
				E1B19FAB218F176F00B5C014 /* MenuViewController.swift */,
				E1B0F611218F0FFC00B9A13A /* MenuAccountView.xib */,
				E1B0F615218F10F600B9A13A /* MenuAccountView.swift */,
			);
			path = Menu;
			sourceTree = "<group>";
		};
		E1BAC072212CB87E007FBAF3 = {
			isa = PBXGroup;
			children = (
				E11C1672219DBB8D00E5FCA6 /* Frameworks */,
				E1D84F9F2196010B00042A31 /* .gitignore */,
				E1F776A621321B93001F6AD2 /* Cartfile */,
				E1D242532180C0FF00D3F350 /* Lib */,
				E1BAC07D212CB87E007FBAF3 /* Sail */,
				E1BAC07C212CB87E007FBAF3 /* Products */,
			);
			sourceTree = "<group>";
		};
		E1BAC07C212CB87E007FBAF3 /* Products */ = {
			isa = PBXGroup;
			children = (
				E1BAC07B212CB87E007FBAF3 /* Sail.app */,
			);
			name = Products;
			sourceTree = "<group>";
		};
		E1BAC07D212CB87E007FBAF3 /* Sail */ = {
			isa = PBXGroup;
			children = (
				E1B0F60E218F0F9300B9A13A /* Menu */,
				E12EABAB218EC279001E87E9 /* Main */,
				E1AF530D218C811D009C9D91 /* Setup */,
				E1C3154221890BF80006A11A /* Login */,
				E1DC3D85218288700099D452 /* StatusView */,
				E1BAC07E212CB87E007FBAF3 /* AppDelegate.swift */,
				E1BAC085212CB87F007FBAF3 /* Assets.xcassets */,
				E1BAC087212CB87F007FBAF3 /* LaunchScreen.storyboard */,
				E1BAC08A212CB87F007FBAF3 /* Info.plist */,
			);
			path = Sail;
			sourceTree = "<group>";
		};
		E1C3154221890BF80006A11A /* Login */ = {
			isa = PBXGroup;
			children = (
				E1F776952130F5E0001F6AD2 /* Login.storyboard */,
				E1C3154321890C090006A11A /* LoginViewController.swift */,
				E1AF532D218E19FD009C9D91 /* LoginController.swift */,
			);
			path = Login;
			sourceTree = "<group>";
		};
		E1D242532180C0FF00D3F350 /* Lib */ = {
			isa = PBXGroup;
			children = (
				E1383BEE21A736F60078069F /* Flux */,
				E1E0EF62219AD84900F68A0F /* API */,
				E16FD2A721995A43002E2B02 /* Preferences */,
				E18A56E12195B767009716AF /* Session */,
				E18A56CD2193D2B1009716AF /* Themeing */,
				E19F0FBD219050D200BE1BA0 /* HTTP */,
				E1AF52FA218B9132009C9D91 /* Hoist */,
				E1AF52F9218B911E009C9D91 /* Mastodon */,
				E1AF5309218C75FE009C9D91 /* LocalizedError.swift */,
				E12EABA9218EC24C001E87E9 /* EventService.swift */,
				E1B0F608218ECFAA00B9A13A /* UIUtil.swift */,
			);
			path = Lib;
			sourceTree = "<group>";
		};
		E1D84FAD2198FCB800042A31 /* Request */ = {
			isa = PBXGroup;
			children = (
				E1AF52FF218B92CF009C9D91 /* Authentication.swift */,
			);
			path = Request;
			sourceTree = "<group>";
		};
		E1D84FB12198FCE100042A31 /* Model */ = {
			isa = PBXGroup;
			children = (
				E1D84FB22198FCEE00042A31 /* MastodonInfo.swift */,
			);
			path = Model;
			sourceTree = "<group>";
		};
		E1DC3D85218288700099D452 /* StatusView */ = {
			isa = PBXGroup;
			children = (
				E1DC3D86218288870099D452 /* StatusView.xib */,
				E1DC3D8821828D4C0099D452 /* StatusView.swift */,
			);
			path = StatusView;
			sourceTree = "<group>";
		};
		E1E0EF62219AD84900F68A0F /* API */ = {
			isa = PBXGroup;
			children = (
				E11C1660219C88F500E5FCA6 /* NestWrapper.swift */,
				E1E0EF88219B0D0A00F68A0F /* Util.swift */,
				E1E0EF85219B0CB000F68A0F /* MultipartEncoder.swift */,
				E1E0EF84219B0CB000F68A0F /* URLParameterEncoder.swift */,
				E1E0EF65219AEB3400F68A0F /* Request.swift */,
				E1E0EF6F219AF61B00F68A0F /* Client.swift */,
			);
			name = API;
			path = API_2;
			sourceTree = "<group>";
		};
/* End PBXGroup section */

/* Begin PBXNativeTarget section */
		E1BAC07A212CB87E007FBAF3 /* Sail */ = {
			isa = PBXNativeTarget;
			buildConfigurationList = E1BAC0A3212CB880007FBAF3 /* Build configuration list for PBXNativeTarget "Sail" */;
			buildPhases = (
				E1BAC077212CB87E007FBAF3 /* Sources */,
				E1BAC078212CB87E007FBAF3 /* Frameworks */,
				E1BAC079212CB87E007FBAF3 /* Resources */,
				E11C1671219DBB8000E5FCA6 /* Embed Frameworks */,
			);
			buildRules = (
			);
			dependencies = (
			);
			name = Sail;
			productName = Amydon;
			productReference = E1BAC07B212CB87E007FBAF3 /* Sail.app */;
			productType = "com.apple.product-type.application";
		};
/* End PBXNativeTarget section */

/* Begin PBXProject section */
		E1BAC073212CB87E007FBAF3 /* Project object */ = {
			isa = PBXProject;
			attributes = {
				LastSwiftUpdateCheck = 0940;
				LastUpgradeCheck = 0940;
				ORGANIZATIONNAME = "Amelia Harris";
				TargetAttributes = {
					E1BAC07A212CB87E007FBAF3 = {
						CreatedOnToolsVersion = 9.4.1;
						LastSwiftMigration = 1000;
					};
				};
			};
			buildConfigurationList = E1BAC076212CB87E007FBAF3 /* Build configuration list for PBXProject "Sail" */;
			compatibilityVersion = "Xcode 9.3";
			developmentRegion = en;
			hasScannedForEncodings = 0;
			knownRegions = (
				en,
				Base,
			);
			mainGroup = E1BAC072212CB87E007FBAF3;
			productRefGroup = E1BAC07C212CB87E007FBAF3 /* Products */;
			projectDirPath = "";
			projectRoot = "";
			targets = (
				E1BAC07A212CB87E007FBAF3 /* Sail */,
			);
		};
/* End PBXProject section */

/* Begin PBXResourcesBuildPhase section */
		E1BAC079212CB87E007FBAF3 /* Resources */ = {
			isa = PBXResourcesBuildPhase;
			buildActionMask = 2147483647;
			files = (
				E1D84FA02196010B00042A31 /* .gitignore in Resources */,
				E1AF5311218C84CB009C9D91 /* Setup.storyboard in Resources */,
				E1DC3D87218288870099D452 /* StatusView.xib in Resources */,
				E1F776A721321B94001F6AD2 /* Cartfile in Resources */,
				E1B0F610218F0FC500B9A13A /* Menu.storyboard in Resources */,
				E1F776962130F5E0001F6AD2 /* Login.storyboard in Resources */,
				E146BA81212F4BCF001B44CD /* Main.storyboard in Resources */,
				E1BAC089212CB87F007FBAF3 /* LaunchScreen.storyboard in Resources */,
				E1B0F612218F0FFC00B9A13A /* MenuAccountView.xib in Resources */,
				E1BAC086212CB87F007FBAF3 /* Assets.xcassets in Resources */,
			);
			runOnlyForDeploymentPostprocessing = 0;
		};
/* End PBXResourcesBuildPhase section */

/* Begin PBXSourcesBuildPhase section */
		E1BAC077212CB87E007FBAF3 /* Sources */ = {
			isa = PBXSourcesBuildPhase;
			buildActionMask = 2147483647;
			files = (
				E1E0EF66219AEB3400F68A0F /* Request.swift in Sources */,
				E19F0FB421902BDD00BE1BA0 /* History.swift in Sources */,
				E12EABAD218EC5D3001E87E9 /* MainViewController.swift in Sources */,
				E1E0EF89219B0D0A00F68A0F /* Util.swift in Sources */,
				E19F0FB621902CAC00BE1BA0 /* Card.swift in Sources */,
				E19F0FB021902AB800BE1BA0 /* Mention.swift in Sources */,
				E18A56D721944DDE009716AF /* Theme.swift in Sources */,
				E1D661B621836D6F002761E2 /* Account.swift in Sources */,
				E19F0FBA21902DA900BE1BA0 /* Application.swift in Sources */,
				E1E0EF86219B0CB000F68A0F /* URLParameterEncoder.swift in Sources */,
				E1E0EF87219B0CB000F68A0F /* MultipartEncoder.swift in Sources */,
				E1D84FA82197E69000042A31 /* Preferences.swift in Sources */,
				E18A56DE2194848B009716AF /* TimelineMethods.swift in Sources */,
				E1DC3D952182A99E0099D452 /* Status.swift in Sources */,
				E19F0FC1219050FA00BE1BA0 /* HTTPRequestMethod.swift in Sources */,
				E12EABAA218EC24C001E87E9 /* EventService.swift in Sources */,
				E1383BF021A737050078069F /* Store.swift in Sources */,
				E19F0FB221902BAF00BE1BA0 /* Tag.swift in Sources */,
				E19F0F9E219009F100BE1BA0 /* AccountMethods.swift in Sources */,
				E18A56DA21944E25009716AF /* PreferenceListeners.swift in Sources */,
				E1DC3D8921828D4C0099D452 /* StatusView.swift in Sources */,
				E1C3154421890C090006A11A /* LoginViewController.swift in Sources */,
				E19F0FAE21902A9300BE1BA0 /* Field.swift in Sources */,
				E19F0FB821902CF000BE1BA0 /* CardType.swift in Sources */,
				E19F0FBF219050E700BE1BA0 /* HTTPError.swift in Sources */,
				E1B0F616218F10F600B9A13A /* MenuAccountView.swift in Sources */,
				E1AF532E218E19FD009C9D91 /* LoginController.swift in Sources */,
				E1AF530A218C75FE009C9D91 /* LocalizedError.swift in Sources */,
				E19F0FA62190145200BE1BA0 /* Emoji.swift in Sources */,
				E1BAC07F212CB87E007FBAF3 /* AppDelegate.swift in Sources */,
				E1D84FB02198FCC700042A31 /* HoistAPI.swift in Sources */,
				E1AF5320218D3500009C9D91 /* SessionStore.swift in Sources */,
				E18A56D5219406F5009716AF /* SubscribableValue.swift in Sources */,
				E1B19FAC218F176F00B5C014 /* MenuViewController.swift in Sources */,
				E1AF5308218BDF86009C9D91 /* HTTPUtil.swift in Sources */,
				E16FD2AB219962F5002E2B02 /* LoginSession.swift in Sources */,
				E1B0F609218ECFAA00B9A13A /* UIUtil.swift in Sources */,
				E1AF5305218BD263009C9D91 /* Instance.swift in Sources */,
				E1AF5300218B92CF009C9D91 /* Authentication.swift in Sources */,
				E1D84FB32198FCEE00042A31 /* MastodonInfo.swift in Sources */,
				E1D84FAC2198FB7B00042A31 /* MastodonAPI.swift in Sources */,
				E19F0FAC21902A6E00BE1BA0 /* StatusVisibility.swift in Sources */,
				E19F0FBC21904FB900BE1BA0 /* HTTPRequest.swift in Sources */,
				E19F0FA8219015E400BE1BA0 /* Attachment.swift in Sources */,
				E11C1661219C88F500E5FCA6 /* NestWrapper.swift in Sources */,
				E19F0FA021900A0800BE1BA0 /* InstanceMethods.swift in Sources */,
				E1E0EF70219AF61B00F68A0F /* Client.swift in Sources */,
			);
			runOnlyForDeploymentPostprocessing = 0;
		};
/* End PBXSourcesBuildPhase section */

/* Begin PBXVariantGroup section */
		E146BA7F212F4BCF001B44CD /* Main.storyboard */ = {
			isa = PBXVariantGroup;
			children = (
				E146BA80212F4BCF001B44CD /* Base */,
			);
			name = Main.storyboard;
			sourceTree = "<group>";
		};
		E1BAC087212CB87F007FBAF3 /* LaunchScreen.storyboard */ = {
			isa = PBXVariantGroup;
			children = (
				E1BAC088212CB87F007FBAF3 /* Base */,
			);
			name = LaunchScreen.storyboard;
			sourceTree = "<group>";
		};
/* End PBXVariantGroup section */

/* Begin XCBuildConfiguration section */
		E1BAC0A1212CB880007FBAF3 /* Debug */ = {
			isa = XCBuildConfiguration;
			buildSettings = {
				ALWAYS_SEARCH_USER_PATHS = NO;
				CLANG_ANALYZER_NONNULL = YES;
				CLANG_ANALYZER_NUMBER_OBJECT_CONVERSION = YES_AGGRESSIVE;
				CLANG_CXX_LANGUAGE_STANDARD = "gnu++14";
				CLANG_CXX_LIBRARY = "libc++";
				CLANG_ENABLE_MODULES = YES;
				CLANG_ENABLE_OBJC_ARC = YES;
				CLANG_ENABLE_OBJC_WEAK = YES;
				CLANG_WARN_BLOCK_CAPTURE_AUTORELEASING = YES;
				CLANG_WARN_BOOL_CONVERSION = YES;
				CLANG_WARN_COMMA = YES;
				CLANG_WARN_CONSTANT_CONVERSION = YES;
				CLANG_WARN_DEPRECATED_OBJC_IMPLEMENTATIONS = YES;
				CLANG_WARN_DIRECT_OBJC_ISA_USAGE = YES_ERROR;
				CLANG_WARN_DOCUMENTATION_COMMENTS = YES;
				CLANG_WARN_EMPTY_BODY = YES;
				CLANG_WARN_ENUM_CONVERSION = YES;
				CLANG_WARN_INFINITE_RECURSION = YES;
				CLANG_WARN_INT_CONVERSION = YES;
				CLANG_WARN_NON_LITERAL_NULL_CONVERSION = YES;
				CLANG_WARN_OBJC_IMPLICIT_RETAIN_SELF = YES;
				CLANG_WARN_OBJC_LITERAL_CONVERSION = YES;
				CLANG_WARN_OBJC_ROOT_CLASS = YES_ERROR;
				CLANG_WARN_RANGE_LOOP_ANALYSIS = YES;
				CLANG_WARN_STRICT_PROTOTYPES = YES;
				CLANG_WARN_SUSPICIOUS_MOVE = YES;
				CLANG_WARN_UNGUARDED_AVAILABILITY = YES_AGGRESSIVE;
				CLANG_WARN_UNREACHABLE_CODE = YES;
				CLANG_WARN__DUPLICATE_METHOD_MATCH = YES;
				CODE_SIGN_IDENTITY = "iPhone Developer";
				COPY_PHASE_STRIP = NO;
				DEBUG_INFORMATION_FORMAT = dwarf;
				ENABLE_STRICT_OBJC_MSGSEND = YES;
				ENABLE_TESTABILITY = YES;
				GCC_C_LANGUAGE_STANDARD = gnu11;
				GCC_DYNAMIC_NO_PIC = NO;
				GCC_NO_COMMON_BLOCKS = YES;
				GCC_OPTIMIZATION_LEVEL = 0;
				GCC_PREPROCESSOR_DEFINITIONS = (
					"DEBUG=1",
					"$(inherited)",
				);
				GCC_WARN_64_TO_32_BIT_CONVERSION = YES;
				GCC_WARN_ABOUT_RETURN_TYPE = YES_ERROR;
				GCC_WARN_UNDECLARED_SELECTOR = YES;
				GCC_WARN_UNINITIALIZED_AUTOS = YES_AGGRESSIVE;
				GCC_WARN_UNUSED_FUNCTION = YES;
				GCC_WARN_UNUSED_VARIABLE = YES;
				IPHONEOS_DEPLOYMENT_TARGET = 11.4;
				MTL_ENABLE_DEBUG_INFO = YES;
				ONLY_ACTIVE_ARCH = YES;
				SDKROOT = iphoneos;
				SWIFT_ACTIVE_COMPILATION_CONDITIONS = DEBUG;
				SWIFT_OPTIMIZATION_LEVEL = "-Onone";
			};
			name = Debug;
		};
		E1BAC0A2212CB880007FBAF3 /* Release */ = {
			isa = XCBuildConfiguration;
			buildSettings = {
				ALWAYS_SEARCH_USER_PATHS = NO;
				CLANG_ANALYZER_NONNULL = YES;
				CLANG_ANALYZER_NUMBER_OBJECT_CONVERSION = YES_AGGRESSIVE;
				CLANG_CXX_LANGUAGE_STANDARD = "gnu++14";
				CLANG_CXX_LIBRARY = "libc++";
				CLANG_ENABLE_MODULES = YES;
				CLANG_ENABLE_OBJC_ARC = YES;
				CLANG_ENABLE_OBJC_WEAK = YES;
				CLANG_WARN_BLOCK_CAPTURE_AUTORELEASING = YES;
				CLANG_WARN_BOOL_CONVERSION = YES;
				CLANG_WARN_COMMA = YES;
				CLANG_WARN_CONSTANT_CONVERSION = YES;
				CLANG_WARN_DEPRECATED_OBJC_IMPLEMENTATIONS = YES;
				CLANG_WARN_DIRECT_OBJC_ISA_USAGE = YES_ERROR;
				CLANG_WARN_DOCUMENTATION_COMMENTS = YES;
				CLANG_WARN_EMPTY_BODY = YES;
				CLANG_WARN_ENUM_CONVERSION = YES;
				CLANG_WARN_INFINITE_RECURSION = YES;
				CLANG_WARN_INT_CONVERSION = YES;
				CLANG_WARN_NON_LITERAL_NULL_CONVERSION = YES;
				CLANG_WARN_OBJC_IMPLICIT_RETAIN_SELF = YES;
				CLANG_WARN_OBJC_LITERAL_CONVERSION = YES;
				CLANG_WARN_OBJC_ROOT_CLASS = YES_ERROR;
				CLANG_WARN_RANGE_LOOP_ANALYSIS = YES;
				CLANG_WARN_STRICT_PROTOTYPES = YES;
				CLANG_WARN_SUSPICIOUS_MOVE = YES;
				CLANG_WARN_UNGUARDED_AVAILABILITY = YES_AGGRESSIVE;
				CLANG_WARN_UNREACHABLE_CODE = YES;
				CLANG_WARN__DUPLICATE_METHOD_MATCH = YES;
				CODE_SIGN_IDENTITY = "iPhone Developer";
				COPY_PHASE_STRIP = NO;
				DEBUG_INFORMATION_FORMAT = "dwarf-with-dsym";
				ENABLE_NS_ASSERTIONS = NO;
				ENABLE_STRICT_OBJC_MSGSEND = YES;
				GCC_C_LANGUAGE_STANDARD = gnu11;
				GCC_NO_COMMON_BLOCKS = YES;
				GCC_WARN_64_TO_32_BIT_CONVERSION = YES;
				GCC_WARN_ABOUT_RETURN_TYPE = YES_ERROR;
				GCC_WARN_UNDECLARED_SELECTOR = YES;
				GCC_WARN_UNINITIALIZED_AUTOS = YES_AGGRESSIVE;
				GCC_WARN_UNUSED_FUNCTION = YES;
				GCC_WARN_UNUSED_VARIABLE = YES;
				IPHONEOS_DEPLOYMENT_TARGET = 11.4;
				MTL_ENABLE_DEBUG_INFO = NO;
				SDKROOT = iphoneos;
				SWIFT_COMPILATION_MODE = wholemodule;
				SWIFT_OPTIMIZATION_LEVEL = "-O";
				VALIDATE_PRODUCT = YES;
			};
			name = Release;
		};
		E1BAC0A4212CB880007FBAF3 /* Debug */ = {
			isa = XCBuildConfiguration;
			buildSettings = {
				ASSETCATALOG_COMPILER_APPICON_NAME = AppIcon;
				CODE_SIGN_STYLE = Automatic;
				DEVELOPMENT_TEAM = GA7D6XST8V;
				FRAMEWORK_SEARCH_PATHS = (
					"$(inherited)",
					"$(PROJECT_DIR)/Carthage/Build/iOS",
					"$(PROJECT_DIR)",
					"$(PROJECT_DIR)/Frameworks",
				);
				INFOPLIST_FILE = Sail/Info.plist;
				IPHONEOS_DEPLOYMENT_TARGET = 11.0;
				LD_RUNPATH_SEARCH_PATHS = (
					"$(inherited)",
					"@executable_path/Frameworks",
				);
				PRODUCT_BUNDLE_IDENTIFIER = zone.amy.Sail;
				PRODUCT_NAME = "$(TARGET_NAME)";
				SWIFT_VERSION = 4.2;
				TARGETED_DEVICE_FAMILY = 1;
			};
			name = Debug;
		};
		E1BAC0A5212CB880007FBAF3 /* Release */ = {
			isa = XCBuildConfiguration;
			buildSettings = {
				ASSETCATALOG_COMPILER_APPICON_NAME = AppIcon;
				CODE_SIGN_STYLE = Automatic;
				DEVELOPMENT_TEAM = GA7D6XST8V;
				FRAMEWORK_SEARCH_PATHS = (
					"$(inherited)",
					"$(PROJECT_DIR)/Carthage/Build/iOS",
					"$(PROJECT_DIR)",
					"$(PROJECT_DIR)/Frameworks",
				);
				INFOPLIST_FILE = Sail/Info.plist;
				IPHONEOS_DEPLOYMENT_TARGET = 11.0;
				LD_RUNPATH_SEARCH_PATHS = (
					"$(inherited)",
					"@executable_path/Frameworks",
				);
				PRODUCT_BUNDLE_IDENTIFIER = zone.amy.Sail;
				PRODUCT_NAME = "$(TARGET_NAME)";
				SWIFT_VERSION = 4.2;
				TARGETED_DEVICE_FAMILY = 1;
			};
			name = Release;
		};
/* End XCBuildConfiguration section */

/* Begin XCConfigurationList section */
		E1BAC076212CB87E007FBAF3 /* Build configuration list for PBXProject "Sail" */ = {
			isa = XCConfigurationList;
			buildConfigurations = (
				E1BAC0A1212CB880007FBAF3 /* Debug */,
				E1BAC0A2212CB880007FBAF3 /* Release */,
			);
			defaultConfigurationIsVisible = 0;
			defaultConfigurationName = Release;
		};
		E1BAC0A3212CB880007FBAF3 /* Build configuration list for PBXNativeTarget "Sail" */ = {
			isa = XCConfigurationList;
			buildConfigurations = (
				E1BAC0A4212CB880007FBAF3 /* Debug */,
				E1BAC0A5212CB880007FBAF3 /* Release */,
			);
			defaultConfigurationIsVisible = 0;
			defaultConfigurationName = Release;
		};
/* End XCConfigurationList section */
	};
	rootObject = E1BAC073212CB87E007FBAF3 /* Project object */;
}
